
Microsoft Visual Studio Solution File, Format Version 12.00
# Visual Studio Version 17
VisualStudioVersion = 17.1.32210.238
MinimumVisualStudioVersion = 10.0.40219.1
Project("{FAE04EC0-301F-11D3-BF4B-00C04F79EFBC}") = "Homework2", "Homework2\Homework2.csproj", "{C29B2EEA-A842-4628-93A3-B42667B25453}"
EndProject
Global
	GlobalSection(SolutionConfigurationPlatforms) = preSolution
		Debug|Any CPU = Debug|Any CPU
		Release|Any CPU = Release|Any CPU
	EndGlobalSection
	GlobalSection(ProjectConfigurationPlatforms) = postSolution
		{C29B2EEA-A842-4628-93A3-B42667B25453}.Debug|Any CPU.ActiveCfg = Debug|Any CPU
		{C29B2EEA-A842-4628-93A3-B42667B25453}.Debug|Any CPU.Build.0 = Debug|Any CPU
		{C29B2EEA-A842-4628-93A3-B42667B25453}.Release|Any CPU.ActiveCfg = Release|Any CPU
		{C29B2EEA-A842-4628-93A3-B42667B25453}.Release|Any CPU.Build.0 = Release|Any CPU
	EndGlobalSection
	GlobalSection(SolutionProperties) = preSolution
		HideSolutionNode = FALSE
	EndGlobalSection
	GlobalSection(ExtensibilityGlobals) = postSolution
		SolutionGuid = {AFA61339-2E96-475C-A4CF-9FF33CB7F778}
	EndGlobalSection
EndGlobal
